
Microsoft Visual Studio Solution File, Format Version 12.00
# Visual Studio Version 17
VisualStudioVersion = 17.8.34525.116
MinimumVisualStudioVersion = 10.0.40219.1
Project("{FAE04EC0-301F-11D3-BF4B-00C04F79EFBC}") = "AspNetCoreWebApiCrudJson", "AspNetCoreWebApiCrudJson.csproj", "{65B4C1F5-7BC5-41F6-B642-D1BB79ECF09C}"
EndProject
Global
	GlobalSection(SolutionConfigurationPlatforms) = preSolution
		Debug|Any CPU = Debug|Any CPU
		Release|Any CPU = Release|Any CPU
	EndGlobalSection
	GlobalSection(ProjectConfigurationPlatforms) = postSolution
		{65B4C1F5-7BC5-41F6-B642-D1BB79ECF09C}.Debug|Any CPU.ActiveCfg = Debug|Any CPU
		{65B4C1F5-7BC5-41F6-B642-D1BB79ECF09C}.Debug|Any CPU.Build.0 = Debug|Any CPU
		{65B4C1F5-7BC5-41F6-B642-D1BB79ECF09C}.Release|Any CPU.ActiveCfg = Release|Any CPU
		{65B4C1F5-7BC5-41F6-B642-D1BB79ECF09C}.Release|Any CPU.Build.0 = Release|Any CPU
	EndGlobalSection
	GlobalSection(SolutionProperties) = preSolution
		HideSolutionNode = FALSE
	EndGlobalSection
	GlobalSection(ExtensibilityGlobals) = postSolution
		SolutionGuid = {94245659-6B5A-473A-A16E-6B640EEF81C0}
	EndGlobalSection
EndGlobal
